
Microsoft Visual Studio Solution File, Format Version 12.00
# Visual Studio 15
VisualStudioVersion = 15.0.27130.2003
MinimumVisualStudioVersion = 10.0.40219.1
Project("{FAE04EC0-301F-11D3-BF4B-00C04F79EFBC}") = "chellengeHeroMonsterClasses", "chellengeHeroMonsterClasses\chellengeHeroMonsterClasses.csproj", "{AF6AB8A7-4B03-4AA6-94CC-B6824CAAFB00}"
EndProject
Global
	GlobalSection(SolutionConfigurationPlatforms) = preSolution
		Debug|Any CPU = Debug|Any CPU
		Release|Any CPU = Release|Any CPU
	EndGlobalSection
	GlobalSection(ProjectConfigurationPlatforms) = postSolution
		{AF6AB8A7-4B03-4AA6-94CC-B6824CAAFB00}.Debug|Any CPU.ActiveCfg = Debug|Any CPU
		{AF6AB8A7-4B03-4AA6-94CC-B6824CAAFB00}.Debug|Any CPU.Build.0 = Debug|Any CPU
		{AF6AB8A7-4B03-4AA6-94CC-B6824CAAFB00}.Release|Any CPU.ActiveCfg = Release|Any CPU
		{AF6AB8A7-4B03-4AA6-94CC-B6824CAAFB00}.Release|Any CPU.Build.0 = Release|Any CPU
	EndGlobalSection
	GlobalSection(SolutionProperties) = preSolution
		HideSolutionNode = FALSE
	EndGlobalSection
	GlobalSection(ExtensibilityGlobals) = postSolution
		SolutionGuid = {D048F9DC-DCE7-48EB-BA2B-C8A6E0F26A61}
	EndGlobalSection
EndGlobal
